{
  "object": {
    "pins": [
      {
        "package": "Cryptor",
        "repositoryURL": "https://github.com/IBM-Swift/BlueCryptor.git",
        "state": {
          "branch": null,
          "revision": "6f79b4ea0a7ef8acb08ba3f3e23da32e83acaca3",
          "version": "1.0.28"
        }
      },
      {
        "package": "CryptorECC",
        "repositoryURL": "https://github.com/IBM-Swift/BlueECC.git",
        "state": {
          "branch": null,
          "revision": "90ddc2068d79c94e204c8e4aa6379c791e1eb9e8",
          "version": "1.2.1"
        }
      },
      {
        "package": "CryptorRSA",
        "repositoryURL": "https://github.com/IBM-Swift/BlueRSA.git",
        "state": {
          "branch": null,
          "revision": "241ea93df2c44f85da3fcf6b704b029b1bcc138d",
          "version": "1.0.31"
        }
      },
      {
        "package": "KituraContracts",
        "repositoryURL": "https://github.com/IBM-Swift/KituraContracts.git",
        "state": {
          "branch": null,
          "revision": "4f8237d6fe2cc1593761660dc4d0ab2c516d73eb",
          "version": "1.1.2"
        }
      },
      {
        "package": "LoggerAPI",
        "repositoryURL": "https://github.com/IBM-Swift/LoggerAPI.git",
        "state": {
          "branch": null,
          "revision": "3357dd9526cdf9436fa63bb792b669e6efdc43da",
          "version": "1.9.0"
        }
      },
      {
        "package": "SwiftJWT",
        "repositoryURL": "https://github.com/IBM-Swift/Swift-JWT.git",
        "state": {
          "branch": null,
          "revision": "2783f004ddb4b8ccc1dfc979880e2fe44f284882",
          "version": "3.5.0"
        }
      },
      {
        "package": "swift-log",
        "repositoryURL": "https://github.com/apple/swift-log.git",
        "state": {
          "branch": null,
          "revision": "f4240bf022a69815241a883c03645444b58ac553",
          "version": "1.1.0"
        }
      }
    ]
  },
  "version": 1
}
